{
  "version": 2,
  "packages": {
    "unittest2": {
      "version": "0.2.5",
      "vcsRevision": "26f2ef3ae0ec72a2a75bfe557e02e88f6a31c189",
      "url": "https://github.com/status-im/nim-unittest2",
      "downloadMethod": "git",
      "dependencies": [],
      "checksums": {
        "sha1": "02bb3751ba9ddc3c17bfd89f2e41cb6bfb8fc0c9"
      }
    },
    "bearssl": {
      "version": "0.2.6",
      "vcsRevision": "11e798b62b8e6beabe958e048e9e24c7e0f9ee63",
      "url": "https://github.com/status-im/nim-bearssl",
      "downloadMethod": "git",
      "dependencies": [
        "unittest2"
      ],
      "checksums": {
        "sha1": "7e068f119664cf47ad0cfb74ef4c56fb6b616523"
      }
    },
    "unicodedb": {
      "version": "0.13.2",
      "vcsRevision": "66f2458710dc641dd4640368f9483c8a0ec70561",
      "url": "https://github.com/nitely/nim-unicodedb",
      "downloadMethod": "git",
      "dependencies": [],
      "checksums": {
        "sha1": "739102d885d99bb4571b1955f5f12aee423c935b"
      }
    },
    "celina": {
      "version": "0.10.0",
      "vcsRevision": "0dd5bbd2f0d76a6c72e50ab0d4b285700da49a1d",
      "url": "",
      "downloadMethod": "git",
      "dependencies": [
        "unicodedb"
      ],
      "checksums": {
        "sha1": "372e71ac0313c59087eb83d357ff8c3afb57c8e2"
      }
    },
    "results": {
      "version": "0.5.1",
      "vcsRevision": "df8113dda4c2d74d460a8fa98252b0b771bf1f27",
      "url": "https://github.com/arnetheduck/nim-results",
      "downloadMethod": "git",
      "dependencies": [],
      "checksums": {
        "sha1": "a9c011f74bc9ed5c91103917b9f382b12e82a9e7"
      }
    },
    "stew": {
      "version": "0.4.2",
      "vcsRevision": "b66168735d6f3841c5239c3169d3fe5fe98b1257",
      "url": "https://github.com/status-im/nim-stew",
      "downloadMethod": "git",
      "dependencies": [
        "results",
        "unittest2"
      ],
      "checksums": {
        "sha1": "928e82cb8d2f554e8f10feb2349ee9c32fee3a8c"
      }
    },
    "httputils": {
      "version": "0.4.0",
      "vcsRevision": "c53852d9e24205b6363bba517fa8ee7bde823691",
      "url": "https://github.com/status-im/nim-http-utils",
      "downloadMethod": "git",
      "dependencies": [
        "stew",
        "results",
        "unittest2"
      ],
      "checksums": {
        "sha1": "298bc5b6fe4e5aa9c3b7e2ebfa17191675020f10"
      }
    },
    "chronos": {
      "version": "4.2.0",
      "vcsRevision": "0d00279e67ad9fadeb944944449adc89f052b8bd",
      "url": "https://github.com/status-im/nim-chronos",
      "downloadMethod": "git",
      "dependencies": [
        "results",
        "stew",
        "bearssl",
        "httputils",
        "unittest2"
      ],
      "checksums": {
        "sha1": "add14e711abc98b2203e7c5a35c860c7b86f15b5"
      }
    },
    "regex": {
      "version": "0.26.3",
      "vcsRevision": "4593305ed1e49731fc75af1dc572dd2559aad19c",
      "url": "https://github.com/nitely/nim-regex",
      "downloadMethod": "git",
      "dependencies": [
        "unicodedb"
      ],
      "checksums": {
        "sha1": "4d24e7d7441137cd202e16f2359a5807ddbdc31f"
      }
    },
    "editorconfig": {
      "version": "0.1.0",
      "vcsRevision": "0ffc3057139ee0904026adbc0edb373f5cf17184",
      "url": "https://github.com/fox0430/editorconfig-nim",
      "downloadMethod": "git",
      "dependencies": [
        "regex"
      ],
      "checksums": {
        "sha1": "4617c4ab6463c9fa416717be445645bf621b727c"
      }
    },
    "parsetoml": {
      "version": "0.7.2",
      "vcsRevision": "d297f5a81be2472905d367aa675dcbbca6e7a5d2",
      "url": "https://github.com/NimParsers/parsetoml.git",
      "downloadMethod": "git",
      "dependencies": [],
      "checksums": {
        "sha1": "2a9fb57ef1f6460fd61b1cfab2d83af44f788a25"
      }
    }
  },
  "tasks": {}
}
